// !$*UTF8*$!
{
	archiveVersion = 1;
	classes = {
	};
	objectVersion = 56;
	objects = {

/* Begin PBXBuildFile section */
		2A73EF232C8410C8001174C7 /* AppDelegate.swift in Sources */ = {isa = PBXBuildFile; fileRef = 2A73EF222C8410C8001174C7 /* AppDelegate.swift */; };
		2A73EF252C8410C8001174C7 /* SceneDelegate.swift in Sources */ = {isa = PBXBuildFile; fileRef = 2A73EF242C8410C8001174C7 /* SceneDelegate.swift */; };
		2A73EF272C8410C8001174C7 /* TripListViewController.swift in Sources */ = {isa = PBXBuildFile; fileRef = 2A73EF262C8410C8001174C7 /* TripListViewController.swift */; };
		2A73EF2C2C8410C9001174C7 /* Assets.xcassets in Resources */ = {isa = PBXBuildFile; fileRef = 2A73EF2B2C8410C9001174C7 /* Assets.xcassets */; };
		2A73EF2F2C8410C9001174C7 /* Base in Resources */ = {isa = PBXBuildFile; fileRef = 2A73EF2E2C8410C9001174C7 /* Base */; };
		2A73EF392C841988001174C7 /* Trip.swift in Sources */ = {isa = PBXBuildFile; fileRef = 2A73EF382C841988001174C7 /* Trip.swift */; };
		2A73EF3B2C8419B4001174C7 /* User.swift in Sources */ = {isa = PBXBuildFile; fileRef = 2A73EF3A2C8419B4001174C7 /* User.swift */; };
		2A73EF3D2C841B02001174C7 /* TripItemCell.swift in Sources */ = {isa = PBXBuildFile; fileRef = 2A73EF3C2C841B02001174C7 /* TripItemCell.swift */; };
		2A73EF402C8E3155001174C7 /* FirebaseFirestore in Frameworks */ = {isa = PBXBuildFile; productRef = 2A73EF3F2C8E3155001174C7 /* FirebaseFirestore */; };
		2A73EF422C8E33E0001174C7 /* FirestoreService.swift in Sources */ = {isa = PBXBuildFile; fileRef = 2A73EF412C8E33E0001174C7 /* FirestoreService.swift */; };
		2A73EF442C8E3A87001174C7 /* TripListViewModel.swift in Sources */ = {isa = PBXBuildFile; fileRef = 2A73EF432C8E3A87001174C7 /* TripListViewModel.swift */; };
		2A73EF472C8E770D001174C7 /* Encodable+Extensions.swift in Sources */ = {isa = PBXBuildFile; fileRef = 2A73EF462C8E770C001174C7 /* Encodable+Extensions.swift */; };
		2A73EF492C8E79CA001174C7 /* Decodable+Extensions.swift in Sources */ = {isa = PBXBuildFile; fileRef = 2A73EF482C8E79CA001174C7 /* Decodable+Extensions.swift */; };
		2A73EF4B2C8E8A1B001174C7 /* GoogleService-Info.plist in Resources */ = {isa = PBXBuildFile; fileRef = 2A73EF4A2C8E8A1B001174C7 /* GoogleService-Info.plist */; };
		2A73EF522C8EC27C001174C7 /* FirebaseAuth in Frameworks */ = {isa = PBXBuildFile; productRef = 2A73EF512C8EC27C001174C7 /* FirebaseAuth */; };
		2A73EF552C978F8D001174C7 /* FirebaseAuthUI in Frameworks */ = {isa = PBXBuildFile; productRef = 2A73EF542C978F8D001174C7 /* FirebaseAuthUI */; };
		2A73EF572C9790DB001174C7 /* LaunchViewController.swift in Sources */ = {isa = PBXBuildFile; fileRef = 2A73EF562C9790DB001174C7 /* LaunchViewController.swift */; };
		2A73EF592C97963A001174C7 /* FirebaseEmailAuthUI in Frameworks */ = {isa = PBXBuildFile; productRef = 2A73EF582C97963A001174C7 /* FirebaseEmailAuthUI */; };
		2A73EF622CB20043001174C7 /* LoginViewController.swift in Sources */ = {isa = PBXBuildFile; fileRef = 2A73EF612CB20043001174C7 /* LoginViewController.swift */; };
		2A73EF682CB24C02001174C7 /* UILabel+Extensions.swift in Sources */ = {isa = PBXBuildFile; fileRef = 2A73EF672CB24C02001174C7 /* UILabel+Extensions.swift */; };
		2A73EF6A2CB24C3F001174C7 /* RangeGestureRecognizer.swift in Sources */ = {isa = PBXBuildFile; fileRef = 2A73EF692CB24C3F001174C7 /* RangeGestureRecognizer.swift */; };
/* End PBXBuildFile section */

/* Begin PBXFileReference section */
		2A73EF1F2C8410C8001174C7 /* SplitwiseApp.app */ = {isa = PBXFileReference; explicitFileType = wrapper.application; includeInIndex = 0; path = SplitwiseApp.app; sourceTree = BUILT_PRODUCTS_DIR; };
		2A73EF222C8410C8001174C7 /* AppDelegate.swift */ = {isa = PBXFileReference; lastKnownFileType = sourcecode.swift; path = AppDelegate.swift; sourceTree = "<group>"; };
		2A73EF242C8410C8001174C7 /* SceneDelegate.swift */ = {isa = PBXFileReference; lastKnownFileType = sourcecode.swift; path = SceneDelegate.swift; sourceTree = "<group>"; };
		2A73EF262C8410C8001174C7 /* TripListViewController.swift */ = {isa = PBXFileReference; lastKnownFileType = sourcecode.swift; path = TripListViewController.swift; sourceTree = "<group>"; };
		2A73EF2B2C8410C9001174C7 /* Assets.xcassets */ = {isa = PBXFileReference; lastKnownFileType = folder.assetcatalog; path = Assets.xcassets; sourceTree = "<group>"; };
		2A73EF2E2C8410C9001174C7 /* Base */ = {isa = PBXFileReference; lastKnownFileType = file.storyboard; name = Base; path = Base.lproj/LaunchScreen.storyboard; sourceTree = "<group>"; };
		2A73EF302C8410C9001174C7 /* Info.plist */ = {isa = PBXFileReference; lastKnownFileType = text.plist.xml; path = Info.plist; sourceTree = "<group>"; };
		2A73EF382C841988001174C7 /* Trip.swift */ = {isa = PBXFileReference; lastKnownFileType = sourcecode.swift; path = Trip.swift; sourceTree = "<group>"; };
		2A73EF3A2C8419B4001174C7 /* User.swift */ = {isa = PBXFileReference; lastKnownFileType = sourcecode.swift; path = User.swift; sourceTree = "<group>"; };
		2A73EF3C2C841B02001174C7 /* TripItemCell.swift */ = {isa = PBXFileReference; lastKnownFileType = sourcecode.swift; path = TripItemCell.swift; sourceTree = "<group>"; };
		2A73EF412C8E33E0001174C7 /* FirestoreService.swift */ = {isa = PBXFileReference; lastKnownFileType = sourcecode.swift; path = FirestoreService.swift; sourceTree = "<group>"; };
		2A73EF432C8E3A87001174C7 /* TripListViewModel.swift */ = {isa = PBXFileReference; lastKnownFileType = sourcecode.swift; path = TripListViewModel.swift; sourceTree = "<group>"; };
		2A73EF462C8E770C001174C7 /* Encodable+Extensions.swift */ = {isa = PBXFileReference; lastKnownFileType = sourcecode.swift; path = "Encodable+Extensions.swift"; sourceTree = "<group>"; };
		2A73EF482C8E79CA001174C7 /* Decodable+Extensions.swift */ = {isa = PBXFileReference; lastKnownFileType = sourcecode.swift; path = "Decodable+Extensions.swift"; sourceTree = "<group>"; };
		2A73EF4A2C8E8A1B001174C7 /* GoogleService-Info.plist */ = {isa = PBXFileReference; fileEncoding = 4; lastKnownFileType = text.plist.xml; path = "GoogleService-Info.plist"; sourceTree = "<group>"; };
		2A73EF562C9790DB001174C7 /* LaunchViewController.swift */ = {isa = PBXFileReference; lastKnownFileType = sourcecode.swift; path = LaunchViewController.swift; sourceTree = "<group>"; };
		2A73EF612CB20043001174C7 /* LoginViewController.swift */ = {isa = PBXFileReference; lastKnownFileType = sourcecode.swift; path = LoginViewController.swift; sourceTree = "<group>"; };
		2A73EF672CB24C02001174C7 /* UILabel+Extensions.swift */ = {isa = PBXFileReference; lastKnownFileType = sourcecode.swift; path = "UILabel+Extensions.swift"; sourceTree = "<group>"; };
		2A73EF692CB24C3F001174C7 /* RangeGestureRecognizer.swift */ = {isa = PBXFileReference; lastKnownFileType = sourcecode.swift; path = RangeGestureRecognizer.swift; sourceTree = "<group>"; };
/* End PBXFileReference section */

/* Begin PBXFrameworksBuildPhase section */
		2A73EF1C2C8410C8001174C7 /* Frameworks */ = {
			isa = PBXFrameworksBuildPhase;
			buildActionMask = 2147483647;
			files = (
				2A73EF592C97963A001174C7 /* FirebaseEmailAuthUI in Frameworks */,
				2A73EF402C8E3155001174C7 /* FirebaseFirestore in Frameworks */,
				2A73EF552C978F8D001174C7 /* FirebaseAuthUI in Frameworks */,
				2A73EF522C8EC27C001174C7 /* FirebaseAuth in Frameworks */,
			);
			runOnlyForDeploymentPostprocessing = 0;
		};
/* End PBXFrameworksBuildPhase section */

/* Begin PBXGroup section */
		2A73EF162C8410C8001174C7 = {
			isa = PBXGroup;
			children = (
				2A73EF212C8410C8001174C7 /* SplitwiseApp */,
				2A73EF202C8410C8001174C7 /* Products */,
			);
			sourceTree = "<group>";
		};
		2A73EF202C8410C8001174C7 /* Products */ = {
			isa = PBXGroup;
			children = (
				2A73EF1F2C8410C8001174C7 /* SplitwiseApp.app */,
			);
			name = Products;
			sourceTree = "<group>";
		};
		2A73EF212C8410C8001174C7 /* SplitwiseApp */ = {
			isa = PBXGroup;
			children = (
				2A73EF602CB10494001174C7 /* Core */,
				2A73EF4E2C8EABAA001174C7 /* Resources */,
				2A73EF2D2C8410C9001174C7 /* LaunchScreen.storyboard */,
			);
			path = SplitwiseApp;
			sourceTree = "<group>";
		};
		2A73EF362C84195B001174C7 /* View */ = {
			isa = PBXGroup;
			children = (
				2A73EF262C8410C8001174C7 /* TripListViewController.swift */,
				2A73EF3C2C841B02001174C7 /* TripItemCell.swift */,
				2A73EF562C9790DB001174C7 /* LaunchViewController.swift */,
				2A73EF612CB20043001174C7 /* LoginViewController.swift */,
			);
			path = View;
			sourceTree = "<group>";
		};
		2A73EF372C841975001174C7 /* Model */ = {
			isa = PBXGroup;
			children = (
				2A73EF382C841988001174C7 /* Trip.swift */,
				2A73EF3A2C8419B4001174C7 /* User.swift */,
			);
			path = Model;
			sourceTree = "<group>";
		};
		2A73EF452C8E3A8D001174C7 /* ViewModel */ = {
			isa = PBXGroup;
			children = (
				2A73EF432C8E3A87001174C7 /* TripListViewModel.swift */,
			);
			path = ViewModel;
			sourceTree = "<group>";
		};
		2A73EF4C2C8EAB80001174C7 /* Extensions */ = {
			isa = PBXGroup;
			children = (
				2A73EF462C8E770C001174C7 /* Encodable+Extensions.swift */,
				2A73EF482C8E79CA001174C7 /* Decodable+Extensions.swift */,
				2A73EF672CB24C02001174C7 /* UILabel+Extensions.swift */,
			);
			path = Extensions;
			sourceTree = "<group>";
		};
		2A73EF4D2C8EAB93001174C7 /* Service */ = {
			isa = PBXGroup;
			children = (
				2A73EF412C8E33E0001174C7 /* FirestoreService.swift */,
			);
			path = Service;
			sourceTree = "<group>";
		};
		2A73EF4E2C8EABAA001174C7 /* Resources */ = {
			isa = PBXGroup;
			children = (
				2A73EF2B2C8410C9001174C7 /* Assets.xcassets */,
				2A73EF4A2C8E8A1B001174C7 /* GoogleService-Info.plist */,
				2A73EF302C8410C9001174C7 /* Info.plist */,
			);
			path = Resources;
			sourceTree = "<group>";
		};
		2A73EF602CB10494001174C7 /* Core */ = {
			isa = PBXGroup;
			children = (
				2A73EF222C8410C8001174C7 /* AppDelegate.swift */,
				2A73EF242C8410C8001174C7 /* SceneDelegate.swift */,
				2A73EF372C841975001174C7 /* Model */,
				2A73EF362C84195B001174C7 /* View */,
				2A73EF452C8E3A8D001174C7 /* ViewModel */,
				2A73EF4D2C8EAB93001174C7 /* Service */,
				2A73EF4C2C8EAB80001174C7 /* Extensions */,
				2A73EF6B2CB24C64001174C7 /* Helpers */,
			);
			path = Core;
			sourceTree = "<group>";
		};
		2A73EF6B2CB24C64001174C7 /* Helpers */ = {
			isa = PBXGroup;
			children = (
				2A73EF692CB24C3F001174C7 /* RangeGestureRecognizer.swift */,
			);
			path = Helpers;
			sourceTree = "<group>";
		};
/* End PBXGroup section */

/* Begin PBXNativeTarget section */
		2A73EF1E2C8410C8001174C7 /* SplitwiseApp */ = {
			isa = PBXNativeTarget;
			buildConfigurationList = 2A73EF332C8410C9001174C7 /* Build configuration list for PBXNativeTarget "SplitwiseApp" */;
			buildPhases = (
				2A73EF1B2C8410C8001174C7 /* Sources */,
				2A73EF1C2C8410C8001174C7 /* Frameworks */,
				2A73EF1D2C8410C8001174C7 /* Resources */,
			);
			buildRules = (
			);
			dependencies = (
			);
			name = SplitwiseApp;
			packageProductDependencies = (
				2A73EF3F2C8E3155001174C7 /* FirebaseFirestore */,
				2A73EF512C8EC27C001174C7 /* FirebaseAuth */,
				2A73EF542C978F8D001174C7 /* FirebaseAuthUI */,
				2A73EF582C97963A001174C7 /* FirebaseEmailAuthUI */,
			);
			productName = SplitwiseApp;
			productReference = 2A73EF1F2C8410C8001174C7 /* SplitwiseApp.app */;
			productType = "com.apple.product-type.application";
		};
/* End PBXNativeTarget section */

/* Begin PBXProject section */
		2A73EF172C8410C8001174C7 /* Project object */ = {
			isa = PBXProject;
			attributes = {
				BuildIndependentTargetsInParallel = 1;
				LastSwiftUpdateCheck = 1540;
				LastUpgradeCheck = 1540;
				TargetAttributes = {
					2A73EF1E2C8410C8001174C7 = {
						CreatedOnToolsVersion = 15.4;
					};
				};
			};
			buildConfigurationList = 2A73EF1A2C8410C8001174C7 /* Build configuration list for PBXProject "SplitwiseApp" */;
			compatibilityVersion = "Xcode 14.0";
			developmentRegion = en;
			hasScannedForEncodings = 0;
			knownRegions = (
				en,
				Base,
			);
			mainGroup = 2A73EF162C8410C8001174C7;
			packageReferences = (
				2A73EF3E2C8E3155001174C7 /* XCRemoteSwiftPackageReference "firebase-ios-sdk" */,
				2A73EF532C978F8D001174C7 /* XCRemoteSwiftPackageReference "FirebaseUI-iOS" */,
			);
			productRefGroup = 2A73EF202C8410C8001174C7 /* Products */;
			projectDirPath = "";
			projectRoot = "";
			targets = (
				2A73EF1E2C8410C8001174C7 /* SplitwiseApp */,
			);
		};
/* End PBXProject section */

/* Begin PBXResourcesBuildPhase section */
		2A73EF1D2C8410C8001174C7 /* Resources */ = {
			isa = PBXResourcesBuildPhase;
			buildActionMask = 2147483647;
			files = (
				2A73EF2C2C8410C9001174C7 /* Assets.xcassets in Resources */,
				2A73EF2F2C8410C9001174C7 /* Base in Resources */,
				2A73EF4B2C8E8A1B001174C7 /* GoogleService-Info.plist in Resources */,
			);
			runOnlyForDeploymentPostprocessing = 0;
		};
/* End PBXResourcesBuildPhase section */

/* Begin PBXSourcesBuildPhase section */
		2A73EF1B2C8410C8001174C7 /* Sources */ = {
			isa = PBXSourcesBuildPhase;
			buildActionMask = 2147483647;
			files = (
				2A73EF622CB20043001174C7 /* LoginViewController.swift in Sources */,
				2A73EF572C9790DB001174C7 /* LaunchViewController.swift in Sources */,
				2A73EF392C841988001174C7 /* Trip.swift in Sources */,
				2A73EF682CB24C02001174C7 /* UILabel+Extensions.swift in Sources */,
				2A73EF442C8E3A87001174C7 /* TripListViewModel.swift in Sources */,
				2A73EF272C8410C8001174C7 /* TripListViewController.swift in Sources */,
				2A73EF232C8410C8001174C7 /* AppDelegate.swift in Sources */,
				2A73EF472C8E770D001174C7 /* Encodable+Extensions.swift in Sources */,
				2A73EF3D2C841B02001174C7 /* TripItemCell.swift in Sources */,
				2A73EF422C8E33E0001174C7 /* FirestoreService.swift in Sources */,
				2A73EF3B2C8419B4001174C7 /* User.swift in Sources */,
				2A73EF6A2CB24C3F001174C7 /* RangeGestureRecognizer.swift in Sources */,
				2A73EF252C8410C8001174C7 /* SceneDelegate.swift in Sources */,
				2A73EF492C8E79CA001174C7 /* Decodable+Extensions.swift in Sources */,
			);
			runOnlyForDeploymentPostprocessing = 0;
		};
/* End PBXSourcesBuildPhase section */

/* Begin PBXVariantGroup section */
		2A73EF2D2C8410C9001174C7 /* LaunchScreen.storyboard */ = {
			isa = PBXVariantGroup;
			children = (
				2A73EF2E2C8410C9001174C7 /* Base */,
			);
			name = LaunchScreen.storyboard;
			sourceTree = "<group>";
		};
/* End PBXVariantGroup section */

/* Begin XCBuildConfiguration section */
		2A73EF312C8410C9001174C7 /* Debug */ = {
			isa = XCBuildConfiguration;
			buildSettings = {
				ALWAYS_SEARCH_USER_PATHS = NO;
				ASSETCATALOG_COMPILER_GENERATE_SWIFT_ASSET_SYMBOL_EXTENSIONS = YES;
				CLANG_ANALYZER_NONNULL = YES;
				CLANG_ANALYZER_NUMBER_OBJECT_CONVERSION = YES_AGGRESSIVE;
				CLANG_CXX_LANGUAGE_STANDARD = "gnu++20";
				CLANG_ENABLE_MODULES = YES;
				CLANG_ENABLE_OBJC_ARC = YES;
				CLANG_ENABLE_OBJC_WEAK = YES;
				CLANG_WARN_BLOCK_CAPTURE_AUTORELEASING = YES;
				CLANG_WARN_BOOL_CONVERSION = YES;
				CLANG_WARN_COMMA = YES;
				CLANG_WARN_CONSTANT_CONVERSION = YES;
				CLANG_WARN_DEPRECATED_OBJC_IMPLEMENTATIONS = YES;
				CLANG_WARN_DIRECT_OBJC_ISA_USAGE = YES_ERROR;
				CLANG_WARN_DOCUMENTATION_COMMENTS = YES;
				CLANG_WARN_EMPTY_BODY = YES;
				CLANG_WARN_ENUM_CONVERSION = YES;
				CLANG_WARN_INFINITE_RECURSION = YES;
				CLANG_WARN_INT_CONVERSION = YES;
				CLANG_WARN_NON_LITERAL_NULL_CONVERSION = YES;
				CLANG_WARN_OBJC_IMPLICIT_RETAIN_SELF = YES;
				CLANG_WARN_OBJC_LITERAL_CONVERSION = YES;
				CLANG_WARN_OBJC_ROOT_CLASS = YES_ERROR;
				CLANG_WARN_QUOTED_INCLUDE_IN_FRAMEWORK_HEADER = YES;
				CLANG_WARN_RANGE_LOOP_ANALYSIS = YES;
				CLANG_WARN_STRICT_PROTOTYPES = YES;
				CLANG_WARN_SUSPICIOUS_MOVE = YES;
				CLANG_WARN_UNGUARDED_AVAILABILITY = YES_AGGRESSIVE;
				CLANG_WARN_UNREACHABLE_CODE = YES;
				CLANG_WARN__DUPLICATE_METHOD_MATCH = YES;
				COPY_PHASE_STRIP = NO;
				DEBUG_INFORMATION_FORMAT = dwarf;
				ENABLE_STRICT_OBJC_MSGSEND = YES;
				ENABLE_TESTABILITY = YES;
				ENABLE_USER_SCRIPT_SANDBOXING = YES;
				GCC_C_LANGUAGE_STANDARD = gnu17;
				GCC_DYNAMIC_NO_PIC = NO;
				GCC_NO_COMMON_BLOCKS = YES;
				GCC_OPTIMIZATION_LEVEL = 0;
				GCC_PREPROCESSOR_DEFINITIONS = (
					"DEBUG=1",
					"$(inherited)",
				);
				GCC_WARN_64_TO_32_BIT_CONVERSION = YES;
				GCC_WARN_ABOUT_RETURN_TYPE = YES_ERROR;
				GCC_WARN_UNDECLARED_SELECTOR = YES;
				GCC_WARN_UNINITIALIZED_AUTOS = YES_AGGRESSIVE;
				GCC_WARN_UNUSED_FUNCTION = YES;
				GCC_WARN_UNUSED_VARIABLE = YES;
				IPHONEOS_DEPLOYMENT_TARGET = 17.5;
				LOCALIZATION_PREFERS_STRING_CATALOGS = YES;
				MTL_ENABLE_DEBUG_INFO = INCLUDE_SOURCE;
				MTL_FAST_MATH = YES;
				ONLY_ACTIVE_ARCH = YES;
				SDKROOT = iphoneos;
				SWIFT_ACTIVE_COMPILATION_CONDITIONS = "DEBUG $(inherited)";
				SWIFT_OPTIMIZATION_LEVEL = "-Onone";
			};
			name = Debug;
		};
		2A73EF322C8410C9001174C7 /* Release */ = {
			isa = XCBuildConfiguration;
			buildSettings = {
				ALWAYS_SEARCH_USER_PATHS = NO;
				ASSETCATALOG_COMPILER_GENERATE_SWIFT_ASSET_SYMBOL_EXTENSIONS = YES;
				CLANG_ANALYZER_NONNULL = YES;
				CLANG_ANALYZER_NUMBER_OBJECT_CONVERSION = YES_AGGRESSIVE;
				CLANG_CXX_LANGUAGE_STANDARD = "gnu++20";
				CLANG_ENABLE_MODULES = YES;
				CLANG_ENABLE_OBJC_ARC = YES;
				CLANG_ENABLE_OBJC_WEAK = YES;
				CLANG_WARN_BLOCK_CAPTURE_AUTORELEASING = YES;
				CLANG_WARN_BOOL_CONVERSION = YES;
				CLANG_WARN_COMMA = YES;
				CLANG_WARN_CONSTANT_CONVERSION = YES;
				CLANG_WARN_DEPRECATED_OBJC_IMPLEMENTATIONS = YES;
				CLANG_WARN_DIRECT_OBJC_ISA_USAGE = YES_ERROR;
				CLANG_WARN_DOCUMENTATION_COMMENTS = YES;
				CLANG_WARN_EMPTY_BODY = YES;
				CLANG_WARN_ENUM_CONVERSION = YES;
				CLANG_WARN_INFINITE_RECURSION = YES;
				CLANG_WARN_INT_CONVERSION = YES;
				CLANG_WARN_NON_LITERAL_NULL_CONVERSION = YES;
				CLANG_WARN_OBJC_IMPLICIT_RETAIN_SELF = YES;
				CLANG_WARN_OBJC_LITERAL_CONVERSION = YES;
				CLANG_WARN_OBJC_ROOT_CLASS = YES_ERROR;
				CLANG_WARN_QUOTED_INCLUDE_IN_FRAMEWORK_HEADER = YES;
				CLANG_WARN_RANGE_LOOP_ANALYSIS = YES;
				CLANG_WARN_STRICT_PROTOTYPES = YES;
				CLANG_WARN_SUSPICIOUS_MOVE = YES;
				CLANG_WARN_UNGUARDED_AVAILABILITY = YES_AGGRESSIVE;
				CLANG_WARN_UNREACHABLE_CODE = YES;
				CLANG_WARN__DUPLICATE_METHOD_MATCH = YES;
				COPY_PHASE_STRIP = NO;
				DEBUG_INFORMATION_FORMAT = "dwarf-with-dsym";
				ENABLE_NS_ASSERTIONS = NO;
				ENABLE_STRICT_OBJC_MSGSEND = YES;
				ENABLE_USER_SCRIPT_SANDBOXING = YES;
				GCC_C_LANGUAGE_STANDARD = gnu17;
				GCC_NO_COMMON_BLOCKS = YES;
				GCC_WARN_64_TO_32_BIT_CONVERSION = YES;
				GCC_WARN_ABOUT_RETURN_TYPE = YES_ERROR;
				GCC_WARN_UNDECLARED_SELECTOR = YES;
				GCC_WARN_UNINITIALIZED_AUTOS = YES_AGGRESSIVE;
				GCC_WARN_UNUSED_FUNCTION = YES;
				GCC_WARN_UNUSED_VARIABLE = YES;
				IPHONEOS_DEPLOYMENT_TARGET = 17.5;
				LOCALIZATION_PREFERS_STRING_CATALOGS = YES;
				MTL_ENABLE_DEBUG_INFO = NO;
				MTL_FAST_MATH = YES;
				SDKROOT = iphoneos;
				SWIFT_COMPILATION_MODE = wholemodule;
				VALIDATE_PRODUCT = YES;
			};
			name = Release;
		};
		2A73EF342C8410C9001174C7 /* Debug */ = {
			isa = XCBuildConfiguration;
			buildSettings = {
				ASSETCATALOG_COMPILER_APPICON_NAME = AppIcon;
				ASSETCATALOG_COMPILER_GLOBAL_ACCENT_COLOR_NAME = AccentColor;
				CODE_SIGN_STYLE = Automatic;
				CURRENT_PROJECT_VERSION = 1;
				DEVELOPMENT_TEAM = 83RMW7CPM5;
				GENERATE_INFOPLIST_FILE = YES;
				INFOPLIST_FILE = SplitwiseApp/Resources/Info.plist;
				INFOPLIST_KEY_UIApplicationSupportsIndirectInputEvents = YES;
				INFOPLIST_KEY_UILaunchStoryboardName = LaunchScreen;
				INFOPLIST_KEY_UISupportedInterfaceOrientations_iPad = "UIInterfaceOrientationPortrait UIInterfaceOrientationPortraitUpsideDown UIInterfaceOrientationLandscapeLeft UIInterfaceOrientationLandscapeRight";
				INFOPLIST_KEY_UISupportedInterfaceOrientations_iPhone = "UIInterfaceOrientationPortrait UIInterfaceOrientationLandscapeLeft UIInterfaceOrientationLandscapeRight";
				LD_RUNPATH_SEARCH_PATHS = (
					"$(inherited)",
					"@executable_path/Frameworks",
				);
				MARKETING_VERSION = 1.0;
				PRODUCT_BUNDLE_IDENTIFIER = leerachel5.ios.SplitwiseApp;
				PRODUCT_NAME = "$(TARGET_NAME)";
				SWIFT_EMIT_LOC_STRINGS = YES;
				SWIFT_VERSION = 5.0;
				TARGETED_DEVICE_FAMILY = "1,2";
			};
			name = Debug;
		};
		2A73EF352C8410C9001174C7 /* Release */ = {
			isa = XCBuildConfiguration;
			buildSettings = {
				ASSETCATALOG_COMPILER_APPICON_NAME = AppIcon;
				ASSETCATALOG_COMPILER_GLOBAL_ACCENT_COLOR_NAME = AccentColor;
				CODE_SIGN_STYLE = Automatic;
				CURRENT_PROJECT_VERSION = 1;
				DEVELOPMENT_TEAM = 83RMW7CPM5;
				GENERATE_INFOPLIST_FILE = YES;
				INFOPLIST_FILE = SplitwiseApp/Resources/Info.plist;
				INFOPLIST_KEY_UIApplicationSupportsIndirectInputEvents = YES;
				INFOPLIST_KEY_UILaunchStoryboardName = LaunchScreen;
				INFOPLIST_KEY_UISupportedInterfaceOrientations_iPad = "UIInterfaceOrientationPortrait UIInterfaceOrientationPortraitUpsideDown UIInterfaceOrientationLandscapeLeft UIInterfaceOrientationLandscapeRight";
				INFOPLIST_KEY_UISupportedInterfaceOrientations_iPhone = "UIInterfaceOrientationPortrait UIInterfaceOrientationLandscapeLeft UIInterfaceOrientationLandscapeRight";
				LD_RUNPATH_SEARCH_PATHS = (
					"$(inherited)",
					"@executable_path/Frameworks",
				);
				MARKETING_VERSION = 1.0;
				PRODUCT_BUNDLE_IDENTIFIER = leerachel5.ios.SplitwiseApp;
				PRODUCT_NAME = "$(TARGET_NAME)";
				SWIFT_EMIT_LOC_STRINGS = YES;
				SWIFT_VERSION = 5.0;
				TARGETED_DEVICE_FAMILY = "1,2";
			};
			name = Release;
		};
/* End XCBuildConfiguration section */

/* Begin XCConfigurationList section */
		2A73EF1A2C8410C8001174C7 /* Build configuration list for PBXProject "SplitwiseApp" */ = {
			isa = XCConfigurationList;
			buildConfigurations = (
				2A73EF312C8410C9001174C7 /* Debug */,
				2A73EF322C8410C9001174C7 /* Release */,
			);
			defaultConfigurationIsVisible = 0;
			defaultConfigurationName = Release;
		};
		2A73EF332C8410C9001174C7 /* Build configuration list for PBXNativeTarget "SplitwiseApp" */ = {
			isa = XCConfigurationList;
			buildConfigurations = (
				2A73EF342C8410C9001174C7 /* Debug */,
				2A73EF352C8410C9001174C7 /* Release */,
			);
			defaultConfigurationIsVisible = 0;
			defaultConfigurationName = Release;
		};
/* End XCConfigurationList section */

/* Begin XCRemoteSwiftPackageReference section */
		2A73EF3E2C8E3155001174C7 /* XCRemoteSwiftPackageReference "firebase-ios-sdk" */ = {
			isa = XCRemoteSwiftPackageReference;
			repositoryURL = "https://github.com/firebase/firebase-ios-sdk.git";
			requirement = {
				kind = upToNextMajorVersion;
				minimumVersion = 11.1.0;
			};
		};
		2A73EF532C978F8D001174C7 /* XCRemoteSwiftPackageReference "FirebaseUI-iOS" */ = {
			isa = XCRemoteSwiftPackageReference;
			repositoryURL = "https://github.com/firebase/FirebaseUI-iOS.git";
			requirement = {
				kind = versionRange;
				maximumVersion = 14.2.4;
				minimumVersion = 0.6.1;
			};
		};
/* End XCRemoteSwiftPackageReference section */

/* Begin XCSwiftPackageProductDependency section */
		2A73EF3F2C8E3155001174C7 /* FirebaseFirestore */ = {
			isa = XCSwiftPackageProductDependency;
			package = 2A73EF3E2C8E3155001174C7 /* XCRemoteSwiftPackageReference "firebase-ios-sdk" */;
			productName = FirebaseFirestore;
		};
		2A73EF512C8EC27C001174C7 /* FirebaseAuth */ = {
			isa = XCSwiftPackageProductDependency;
			package = 2A73EF3E2C8E3155001174C7 /* XCRemoteSwiftPackageReference "firebase-ios-sdk" */;
			productName = FirebaseAuth;
		};
		2A73EF542C978F8D001174C7 /* FirebaseAuthUI */ = {
			isa = XCSwiftPackageProductDependency;
			package = 2A73EF532C978F8D001174C7 /* XCRemoteSwiftPackageReference "FirebaseUI-iOS" */;
			productName = FirebaseAuthUI;
		};
		2A73EF582C97963A001174C7 /* FirebaseEmailAuthUI */ = {
			isa = XCSwiftPackageProductDependency;
			package = 2A73EF532C978F8D001174C7 /* XCRemoteSwiftPackageReference "FirebaseUI-iOS" */;
			productName = FirebaseEmailAuthUI;
		};
/* End XCSwiftPackageProductDependency section */
	};
	rootObject = 2A73EF172C8410C8001174C7 /* Project object */;
}
